
Microsoft Visual Studio Solution File, Format Version 12.00
# Visual Studio Version 16
VisualStudioVersion = 16.0.31112.23
MinimumVisualStudioVersion = 10.0.40219.1
Project("{FAE04EC0-301F-11D3-BF4B-00C04F79EFBC}") = "Волга- IT'22", "Волга- IT'22.csproj", "{39E633DC-3A59-439E-B52F-F92F6D88B3DA}"
EndProject
Global
	GlobalSection(SolutionConfigurationPlatforms) = preSolution
		Debug|Any CPU = Debug|Any CPU
		Release|Any CPU = Release|Any CPU
	EndGlobalSection
	GlobalSection(ProjectConfigurationPlatforms) = postSolution
		{39E633DC-3A59-439E-B52F-F92F6D88B3DA}.Debug|Any CPU.ActiveCfg = Debug|Any CPU
		{39E633DC-3A59-439E-B52F-F92F6D88B3DA}.Debug|Any CPU.Build.0 = Debug|Any CPU
		{39E633DC-3A59-439E-B52F-F92F6D88B3DA}.Release|Any CPU.ActiveCfg = Release|Any CPU
		{39E633DC-3A59-439E-B52F-F92F6D88B3DA}.Release|Any CPU.Build.0 = Release|Any CPU
	EndGlobalSection
	GlobalSection(SolutionProperties) = preSolution
		HideSolutionNode = FALSE
	EndGlobalSection
	GlobalSection(ExtensibilityGlobals) = postSolution
		SolutionGuid = {4069A1EE-04D4-4E72-9AFD-3F68EFAF5056}
	EndGlobalSection
EndGlobal
